Microsoft Visual Studio Solution File, Format Version 12.00
# Visual Studio 15
VisualStudioVersion = 15.0.27703.2000
MinimumVisualStudioVersion = 10.0.40219.1
Project("{8BC9CEB8-8B4A-11D0-8D11-00A0C91BC942}") = "vcdeploy", "vcdeploy.vcxproj", "{87B2D818-3996-4BAD-AAE4-74F5F3B07438}"
EndProject
Global
	GlobalSection(SolutionConfigurationPlatforms) = preSolution
		Debug|Win32 = Debug|Win32
		Release|Win32 = Release|Win32
	EndGlobalSection
	GlobalSection(ProjectConfigurationPlatforms) = postSolution
		{87B2D818-3996-4BAD-AAE4-74F5F3B07438}.Debug|Win32.ActiveCfg = Debug|Win32
		{87B2D818-3996-4BAD-AAE4-74F5F3B07438}.Debug|Win32.Build.0 = Debug|Win32
		{87B2D818-3996-4BAD-AAE4-74F5F3B07438}.Release|Win32.ActiveCfg = Release|Win32
		{87B2D818-3996-4BAD-AAE4-74F5F3B07438}.Release|Win32.Build.0 = Release|Win32
	EndGlobalSection
	GlobalSection(SolutionProperties) = preSolution
		HideSolutionNode = FALSE
	EndGlobalSection
	GlobalSection(ExtensibilityGlobals) = postSolution
		SolutionGuid = {6B27EC93-A9D3-4319-810A-24F41565831B}
	EndGlobalSection
EndGlobal
