<?xml version="1.0" encoding="utf-8"?>
<Project ToolsVersion="4.0" xmlns="http://schemas.microsoft.com/developer/msbuild/2003">
  <ItemGroup>
    <Filter Include="Source Files">
      <UniqueIdentifier>{74cd3c66-7cd2-4394-99f3-c0d6f2ab37d6}</UniqueIdentifier>
      <Extensions>cpp;c;cxx;rc;def;r;odl;idl;hpj;bat</Extensions>
    </Filter>
    <Filter Include="Header Files">
      <UniqueIdentifier>{7947d9e8-06ef-4a2c-8ee0-f9f0e04dc4a4}</UniqueIdentifier>
      <Extensions>h;hpp;hxx;hm;inl</Extensions>
    </Filter>
    <Filter Include="Resource Files">
      <UniqueIdentifier>{9993213b-8621-4661-9845-5167a9e3388a}</UniqueIdentifier>
      <Extensions>ico;cur;bmp;dlg;rc2;rct;bin;rgs;gif;jpg;jpeg;jpe</Extensions>
    </Filter>
    <Filter Include="static_hash Files">
      <UniqueIdentifier>{96f3e7a0-bb0f-47eb-948b-a7a74a549007}</UniqueIdentifier>
    </Filter>
    <Filter Include="SRF templates">
      <UniqueIdentifier>{fc7214fe-b1d4-4673-9e63-10f9ce29c44b}</UniqueIdentifier>
    </Filter>
  </ItemGroup>
  <ItemGroup>
    <ClCompile Include="AttributeParser.cpp">
      <Filter>Source Files</Filter>
    </ClCompile>
    <ClCompile Include="CodeTypeBuilder.cpp">
      <Filter>Source Files</Filter>
    </ClCompile>
    <ClCompile Include="ComplexType.cpp">
      <Filter>Source Files</Filter>
    </ClCompile>
    <ClCompile Include="ComplexTypeParser.cpp">
      <Filter>Source Files</Filter>
    </ClCompile>
    <ClCompile Include="Content.cpp">
      <Filter>Source Files</Filter>
    </ClCompile>
    <ClCompile Include="ContentParser.cpp">
      <Filter>Source Files</Filter>
    </ClCompile>
    <ClCompile Include="CppCodeGenerator.cpp">
      <Filter>Source Files</Filter>
    </ClCompile>
    <ClCompile Include="DiscoMapDocument.cpp">
      <Filter>Source Files</Filter>
    </ClCompile>
    <ClCompile Include="DiscoMapParser.cpp">
      <Filter>Source Files</Filter>
    </ClCompile>
    <ClCompile Include="Element.cpp">
      <Filter>Source Files</Filter>
    </ClCompile>
    <ClCompile Include="ElementParser.cpp">
      <Filter>Source Files</Filter>
    </ClCompile>
    <ClCompile Include="Emit.cpp">
      <Filter>Source Files</Filter>
    </ClCompile>
    <ClCompile Include="ErrorHandler.cpp">
      <Filter>Source Files</Filter>
    </ClCompile>
    <ClCompile Include="Parser.cpp">
      <Filter>Source Files</Filter>
    </ClCompile>
    <ClCompile Include="QName.cpp">
      <Filter>Source Files</Filter>
    </ClCompile>
    <ClCompile Include="Schema.cpp">
      <Filter>Source Files</Filter>
    </ClCompile>
    <ClCompile Include="SchemaParser.cpp">
      <Filter>Source Files</Filter>
    </ClCompile>
    <ClCompile Include="SimpleTypeParser.cpp">
      <Filter>Source Files</Filter>
    </ClCompile>
    <ClCompile Include="sproxy.cpp">
      <Filter>Source Files</Filter>
    </ClCompile>
    <ClCompile Include="StdAfx.cpp">
      <Filter>Source Files</Filter>
    </ClCompile>
    <ClCompile Include="Util.cpp">
      <Filter>Source Files</Filter>
    </ClCompile>
    <ClCompile Include="WSDLBinding.cpp">
      <Filter>Source Files</Filter>
    </ClCompile>
    <ClCompile Include="WSDLBindingParser.cpp">
      <Filter>Source Files</Filter>
    </ClCompile>
    <ClCompile Include="WSDLMessageParser.cpp">
      <Filter>Source Files</Filter>
    </ClCompile>
    <ClCompile Include="WSDLMessagePart.cpp">
      <Filter>Source Files</Filter>
    </ClCompile>
    <ClCompile Include="WSDLOperationIOParser.cpp">
      <Filter>Source Files</Filter>
    </ClCompile>
    <ClCompile Include="WSDLOperationParser.cpp">
      <Filter>Source Files</Filter>
    </ClCompile>
    <ClCompile Include="WSDLParser.cpp">
      <Filter>Source Files</Filter>
    </ClCompile>
    <ClCompile Include="WSDLPort.cpp">
      <Filter>Source Files</Filter>
    </ClCompile>
    <ClCompile Include="WSDLPortTypeIO.cpp">
      <Filter>Source Files</Filter>
    </ClCompile>
    <ClCompile Include="WSDLPortTypeParser.cpp">
      <Filter>Source Files</Filter>
    </ClCompile>
    <ClCompile Include="WSDLServiceParser.cpp">
      <Filter>Source Files</Filter>
    </ClCompile>
    <ClCompile Include="WSDLServicePortParser.cpp">
      <Filter>Source Files</Filter>
    </ClCompile>
    <ClCompile Include="WSDLSoapElement.cpp">
      <Filter>Source Files</Filter>
    </ClCompile>
    <ClCompile Include="WSDLTypesParser.cpp">
      <Filter>Source Files</Filter>
    </ClCompile>
    <ClCompile Include="XMLDocParser.cpp">
      <Filter>Source Files</Filter>
    </ClCompile>
    <ClCompile Include="XMLDocument.cpp">
      <Filter>Source Files</Filter>
    </ClCompile>
    <ClCompile Include="XMLElement.cpp">
      <Filter>Source Files</Filter>
    </ClCompile>
  </ItemGroup>
  <ItemGroup>
    <ClInclude Include="Attribute.h">
      <Filter>Header Files</Filter>
    </ClInclude>
    <ClInclude Include="AttributeParser.h">
      <Filter>Header Files</Filter>
    </ClInclude>
    <ClInclude Include="CodeTypeBuilder.h">
      <Filter>Header Files</Filter>
    </ClInclude>
    <ClInclude Include="CodeTypes.h">
      <Filter>Header Files</Filter>
    </ClInclude>
    <ClInclude Include="ComplexType.h">
      <Filter>Header Files</Filter>
    </ClInclude>
    <ClInclude Include="ComplexTypeParser.h">
      <Filter>Header Files</Filter>
    </ClInclude>
    <ClInclude Include="Content.h">
      <Filter>Header Files</Filter>
    </ClInclude>
    <ClInclude Include="ContentParser.h">
      <Filter>Header Files</Filter>
    </ClInclude>
    <ClInclude Include="CppCodeGenerator.h">
      <Filter>Header Files</Filter>
    </ClInclude>
    <ClInclude Include="CppKeywordTable.h">
      <Filter>Header Files</Filter>
    </ClInclude>
    <ClInclude Include="DiscoMapDocument.h">
      <Filter>Header Files</Filter>
    </ClInclude>
    <ClInclude Include="DiscoMapParser.h">
      <Filter>Header Files</Filter>
    </ClInclude>
    <ClInclude Include="Element.h">
      <Filter>Header Files</Filter>
    </ClInclude>
    <ClInclude Include="ElementParser.h">
      <Filter>Header Files</Filter>
    </ClInclude>
    <ClInclude Include="Emit.h">
      <Filter>Header Files</Filter>
    </ClInclude>
    <ClInclude Include="errordefs.h">
      <Filter>Header Files</Filter>
    </ClInclude>
    <ClInclude Include="ErrorHandler.h">
      <Filter>Header Files</Filter>
    </ClInclude>
    <ClInclude Include="Namespaces.h">
      <Filter>Header Files</Filter>
    </ClInclude>
    <ClInclude Include="Parser.h">
      <Filter>Header Files</Filter>
    </ClInclude>
    <ClInclude Include="QName.h">
      <Filter>Header Files</Filter>
    </ClInclude>
    <ClInclude Include="resource.h">
      <Filter>Header Files</Filter>
    </ClInclude>
    <ClInclude Include="Schema.h">
      <Filter>Header Files</Filter>
    </ClInclude>
    <ClInclude Include="SchemaDocument.h">
      <Filter>Header Files</Filter>
    </ClInclude>
    <ClInclude Include="SchemaParser.h">
      <Filter>Header Files</Filter>
    </ClInclude>
    <ClInclude Include="SimpleType.h">
      <Filter>Header Files</Filter>
    </ClInclude>
    <ClInclude Include="SimpleTypeParser.h">
      <Filter>Header Files</Filter>
    </ClInclude>
    <ClInclude Include="SkipParser.h">
      <Filter>Header Files</Filter>
    </ClInclude>
    <ClInclude Include="SproxyColl.h">
      <Filter>Header Files</Filter>
    </ClInclude>
    <ClInclude Include="SproxyError.h">
      <Filter>Header Files</Filter>
    </ClInclude>
    <ClInclude Include="StdAfx.h">
      <Filter>Header Files</Filter>
    </ClInclude>
    <ClInclude Include="Util.h">
      <Filter>Header Files</Filter>
    </ClInclude>
    <ClInclude Include="WSDLBinding.h">
      <Filter>Header Files</Filter>
    </ClInclude>
    <ClInclude Include="WSDLBindingParser.h">
      <Filter>Header Files</Filter>
    </ClInclude>
    <ClInclude Include="WSDLDocument.h">
      <Filter>Header Files</Filter>
    </ClInclude>
    <ClInclude Include="WSDLMessage.h">
      <Filter>Header Files</Filter>
    </ClInclude>
    <ClInclude Include="WSDLMessageParser.h">
      <Filter>Header Files</Filter>
    </ClInclude>
    <ClInclude Include="WSDLMessagePart.h">
      <Filter>Header Files</Filter>
    </ClInclude>
    <ClInclude Include="WSDLOperationIOParser.h">
      <Filter>Header Files</Filter>
    </ClInclude>
    <ClInclude Include="WSDLOperationParser.h">
      <Filter>Header Files</Filter>
    </ClInclude>
    <ClInclude Include="WSDLParser.h">
      <Filter>Header Files</Filter>
    </ClInclude>
    <ClInclude Include="WSDLPort.h">
      <Filter>Header Files</Filter>
    </ClInclude>
    <ClInclude Include="WSDLPortType.h">
      <Filter>Header Files</Filter>
    </ClInclude>
    <ClInclude Include="WSDLPortTypeIO.h">
      <Filter>Header Files</Filter>
    </ClInclude>
    <ClInclude Include="WSDLPortTypeOperation.h">
      <Filter>Header Files</Filter>
    </ClInclude>
    <ClInclude Include="WSDLPortTypeParser.h">
      <Filter>Header Files</Filter>
    </ClInclude>
    <ClInclude Include="WSDLService.h">
      <Filter>Header Files</Filter>
    </ClInclude>
    <ClInclude Include="WSDLServiceParser.h">
      <Filter>Header Files</Filter>
    </ClInclude>
    <ClInclude Include="WSDLServicePortParser.h">
      <Filter>Header Files</Filter>
    </ClInclude>
    <ClInclude Include="WSDLSoapElement.h">
      <Filter>Header Files</Filter>
    </ClInclude>
    <ClInclude Include="WSDLType.h">
      <Filter>Header Files</Filter>
    </ClInclude>
    <ClInclude Include="WSDLTypesParser.h">
      <Filter>Header Files</Filter>
    </ClInclude>
    <ClInclude Include="XMLDataTypes.h">
      <Filter>Header Files</Filter>
    </ClInclude>
    <ClInclude Include="XMLDocParser.h">
      <Filter>Header Files</Filter>
    </ClInclude>
    <ClInclude Include="XMLDocument.h">
      <Filter>Header Files</Filter>
    </ClInclude>
    <ClInclude Include="XMLElement.h">
      <Filter>Header Files</Filter>
    </ClInclude>
    <ClInclude Include="XSDElement.h">
      <Filter>Header Files</Filter>
    </ClInclude>
    <ClInclude Include="XSDMappingTable.h">
      <Filter>Header Files</Filter>
    </ClInclude>
    <ClInclude Include="XSDPrimitive.h">
      <Filter>Header Files</Filter>
    </ClInclude>
  </ItemGroup>
  <ItemGroup>
    <ResourceCompile Include="sproxy.rc">
      <Filter>Resource Files</Filter>
    </ResourceCompile>
  </ItemGroup>
  <ItemGroup>
    <None Include="cppkeywords.in">
      <Filter>static_hash Files</Filter>
    </None>
    <None Include="facets.in">
      <Filter>static_hash Files</Filter>
    </None>
    <None Include="xsdtypes.in">
      <Filter>static_hash Files</Filter>
    </None>
    <None Include="sproxy.srf">
      <Filter>SRF templates</Filter>
    </None>
  </ItemGroup>
  <ItemGroup>
    <Text Include="ReadMe.txt" />
  </ItemGroup>
</Project>